{
  "name": "ec2-ssh-targets",
  "version": "0.0.0",
  "lockfileVersion": 1,
  "requires": true,
  "dependencies": {
    "@aws-cdk/assets": {
      "version": "1.45.0",
      "resolved": "https://registry.npmjs.org/@aws-cdk/assets/-/assets-1.45.0.tgz",
      "integrity": "sha512-VcW90IszJGd95RascHmFzcBGVfuMTuVIq1qiP0tHwX35xdxQydeZC5lT5No1bnTW9zATgrzbYAP9WAASkeMQ6A==",
      "requires": {
        "@aws-cdk/core": "1.45.0",
        "@aws-cdk/cx-api": "1.45.0",
        "constructs": "^3.0.2"
      }
    },
    "@aws-cdk/aws-autoscaling": {
      "version": "1.45.0",
      "resolved": "https://registry.npmjs.org/@aws-cdk/aws-autoscaling/-/aws-autoscaling-1.45.0.tgz",
      "integrity": "sha512-J5zQt7+MKSvWNqMoMLAKJbVJkCGLXMD8AjWYiqHORfpiPYUtLwMH8acqJJsKnfxs4el2dH+6Hh1pYZ1bD2ygqg==",
      "requires": {
        "@aws-cdk/aws-autoscaling-common": "1.45.0",
        "@aws-cdk/aws-cloudwatch": "1.45.0",
        "@aws-cdk/aws-ec2": "1.45.0",
        "@aws-cdk/aws-elasticloadbalancing": "1.45.0",
        "@aws-cdk/aws-elasticloadbalancingv2": "1.45.0",
        "@aws-cdk/aws-iam": "1.45.0",
        "@aws-cdk/aws-sns": "1.45.0",
        "@aws-cdk/core": "1.45.0",
        "constructs": "^3.0.2"
      }
    },
    "@aws-cdk/aws-autoscaling-common": {
      "version": "1.45.0",
      "resolved": "https://registry.npmjs.org/@aws-cdk/aws-autoscaling-common/-/aws-autoscaling-common-1.45.0.tgz",
      "integrity": "sha512-k+ugQ4HL7Qggxd597vDj7JeVGQwqYYLNHt/01vOroluos0af/VRX/HaiLiWPiYGogmUp4vGAlp3GBTJibKGQVQ==",
      "requires": {
        "@aws-cdk/aws-iam": "1.45.0",
        "@aws-cdk/core": "1.45.0",
        "constructs": "^3.0.2"
      }
    },
    "@aws-cdk/aws-certificatemanager": {
      "version": "1.45.0",
      "resolved": "https://registry.npmjs.org/@aws-cdk/aws-certificatemanager/-/aws-certificatemanager-1.45.0.tgz",
      "integrity": "sha512-30UHxkB3bQ+wBeNbf+bPdvxr9S89eKqz5ojMDkOY+MbXW040vQ7w1c12ed6C8dajVzxv9KO3FBbciROA3KsEWA==",
      "requires": {
        "@aws-cdk/aws-iam": "1.45.0",
        "@aws-cdk/aws-lambda": "1.45.0",
        "@aws-cdk/aws-route53": "1.45.0",
        "@aws-cdk/core": "1.45.0",
        "constructs": "^3.0.2"
      }
    },
    "@aws-cdk/aws-cloudformation": {
      "version": "1.45.0",
      "resolved": "https://registry.npmjs.org/@aws-cdk/aws-cloudformation/-/aws-cloudformation-1.45.0.tgz",
      "integrity": "sha512-HchkjqvulM9Qmb5XDMRvxM3+UJih1lYpP4ti+KrsEu3WZ8Bvd6O8GJfcUOHPX8xgYHWC4cpJyRX8DJx6gcjsxQ==",
      "requires": {
        "@aws-cdk/aws-iam": "1.45.0",
        "@aws-cdk/aws-lambda": "1.45.0",
        "@aws-cdk/aws-s3": "1.45.0",
        "@aws-cdk/aws-sns": "1.45.0",
        "@aws-cdk/core": "1.45.0",
        "@aws-cdk/cx-api": "1.45.0",
        "constructs": "^3.0.2"
      }
    },
    "@aws-cdk/aws-cloudwatch": {
      "version": "1.45.0",
      "resolved": "https://registry.npmjs.org/@aws-cdk/aws-cloudwatch/-/aws-cloudwatch-1.45.0.tgz",
      "integrity": "sha512-muV1hRUG2WDYiNNsVjrf8shq9+PYDmkNU/CZzMu2tNE7fzAbMO4s7dQjVxooJy3r0PvxmeOu/OSJGOtHu71PWw==",
      "requires": {
        "@aws-cdk/aws-iam": "1.45.0",
        "@aws-cdk/core": "1.45.0",
        "constructs": "^3.0.2"
      }
    },
    "@aws-cdk/aws-codebuild": {
      "version": "1.45.0",
      "resolved": "https://registry.npmjs.org/@aws-cdk/aws-codebuild/-/aws-codebuild-1.45.0.tgz",
      "integrity": "sha512-+YZ3AKnwfhmRFaaiHx1m5me5Yatz7EoKGevm46pR/NOfvM4njYdKDzOqaS2hpy8gUBnyU692MSUttlRkf+BA/w==",
      "requires": {
        "@aws-cdk/assets": "1.45.0",
        "@aws-cdk/aws-cloudwatch": "1.45.0",
        "@aws-cdk/aws-codecommit": "1.45.0",
        "@aws-cdk/aws-ec2": "1.45.0",
        "@aws-cdk/aws-ecr": "1.45.0",
        "@aws-cdk/aws-ecr-assets": "1.45.0",
        "@aws-cdk/aws-events": "1.45.0",
        "@aws-cdk/aws-iam": "1.45.0",
        "@aws-cdk/aws-kms": "1.45.0",
        "@aws-cdk/aws-s3": "1.45.0",
        "@aws-cdk/aws-s3-assets": "1.45.0",
        "@aws-cdk/aws-secretsmanager": "1.45.0",
        "@aws-cdk/core": "1.45.0",
        "constructs": "^3.0.2"
      }
    },
    "@aws-cdk/aws-codecommit": {
      "version": "1.45.0",
      "resolved": "https://registry.npmjs.org/@aws-cdk/aws-codecommit/-/aws-codecommit-1.45.0.tgz",
      "integrity": "sha512-SKSBBXVQQnz3/qDJlm3AXOrtjz13zqRDr3s1Eah+kUz8lpPmizKfyo33xiQ7uXMbarsUDxsrHmfu+N4KQVYJpw==",
      "requires": {
        "@aws-cdk/aws-events": "1.45.0",
        "@aws-cdk/aws-iam": "1.45.0",
        "@aws-cdk/core": "1.45.0",
        "constructs": "^3.0.2"
      }
    },
    "@aws-cdk/aws-ec2": {
      "version": "1.45.0",
      "resolved": "https://registry.npmjs.org/@aws-cdk/aws-ec2/-/aws-ec2-1.45.0.tgz",
      "integrity": "sha512-QOMQ4RwFhN+OADY+W36fCs719dSS5AWWg2KZpnJlIuhjTz9eRgzGrwh17BzqtLs/C7RLP7hYS1Jijqk/Tx4sfA==",
      "requires": {
        "@aws-cdk/aws-cloudwatch": "1.45.0",
        "@aws-cdk/aws-iam": "1.45.0",
        "@aws-cdk/aws-logs": "1.45.0",
        "@aws-cdk/aws-s3": "1.45.0",
        "@aws-cdk/aws-ssm": "1.45.0",
        "@aws-cdk/cloud-assembly-schema": "1.45.0",
        "@aws-cdk/core": "1.45.0",
        "@aws-cdk/cx-api": "1.45.0",
        "@aws-cdk/region-info": "1.45.0",
        "constructs": "^3.0.2"
      }
    },
    "@aws-cdk/aws-ecr": {
      "version": "1.45.0",
      "resolved": "https://registry.npmjs.org/@aws-cdk/aws-ecr/-/aws-ecr-1.45.0.tgz",
      "integrity": "sha512-2k2k5glSB9KzPphIslSIgCWwA1ZrrSZbO+IgU4tM/0VPH4KC06UmnzRawA68nRjKwfR3pPgwXN7QKY/k/bg3YA==",
      "requires": {
        "@aws-cdk/aws-events": "1.45.0",
        "@aws-cdk/aws-iam": "1.45.0",
        "@aws-cdk/core": "1.45.0",
        "@aws-cdk/custom-resources": "1.45.0",
        "constructs": "^3.0.2"
      }
    },
    "@aws-cdk/aws-ecr-assets": {
      "version": "1.45.0",
      "resolved": "https://registry.npmjs.org/@aws-cdk/aws-ecr-assets/-/aws-ecr-assets-1.45.0.tgz",
      "integrity": "sha512-wdaQ1tJ4Fn07TjSoCNHlBkmPhFUtP3Bu9U28P47xb3BpEVa3j8SOzi+FHxGaFnR+3VxKgT4UUUVT6nzoCjPmzA==",
      "requires": {
        "@aws-cdk/assets": "1.45.0",
        "@aws-cdk/aws-ecr": "1.45.0",
        "@aws-cdk/aws-iam": "1.45.0",
        "@aws-cdk/aws-lambda": "1.45.0",
        "@aws-cdk/aws-s3": "1.45.0",
        "@aws-cdk/core": "1.45.0",
        "@aws-cdk/cx-api": "1.45.0",
        "constructs": "^3.0.2",
        "minimatch": "^3.0.4"
      },
      "dependencies": {
        "balanced-match": {
          "version": "1.0.0",
          "bundled": true
        },
        "brace-expansion": {
          "version": "1.1.11",
          "bundled": true,
          "requires": {
            "balanced-match": "^1.0.0",
            "concat-map": "0.0.1"
          }
        },
        "concat-map": {
          "version": "0.0.1",
          "bundled": true
        },
        "minimatch": {
          "version": "3.0.4",
          "bundled": true,
          "requires": {
            "brace-expansion": "^1.1.7"
          }
        }
      }
    },
    "@aws-cdk/aws-efs": {
      "version": "1.45.0",
      "resolved": "https://registry.npmjs.org/@aws-cdk/aws-efs/-/aws-efs-1.45.0.tgz",
      "integrity": "sha512-w1fJ5Uai9y5t9Jj2rb7EZ0KTaRIWXpRy9rAvoTAOgWfGimg6bVbP9YjUYqIDdUc8kMccSNq1AtXp7xfOhg5i1Q==",
      "requires": {
        "@aws-cdk/aws-ec2": "1.45.0",
        "@aws-cdk/aws-kms": "1.45.0",
        "@aws-cdk/cloud-assembly-schema": "1.45.0",
        "@aws-cdk/core": "1.45.0",
        "@aws-cdk/cx-api": "1.45.0",
        "constructs": "^3.0.2"
      }
    },
    "@aws-cdk/aws-elasticloadbalancing": {
      "version": "1.45.0",
      "resolved": "https://registry.npmjs.org/@aws-cdk/aws-elasticloadbalancing/-/aws-elasticloadbalancing-1.45.0.tgz",
      "integrity": "sha512-CRej4Jb4a7HeQt7x/yKgq6KT6XszBl9zv4M+SuAirlLMaeUpb36ykBUlyyTNuajyOnEBXkUZUKCH/1+vXvFWXA==",
      "requires": {
        "@aws-cdk/aws-ec2": "1.45.0",
        "@aws-cdk/core": "1.45.0",
        "constructs": "^3.0.2"
      }
    },
    "@aws-cdk/aws-elasticloadbalancingv2": {
      "version": "1.45.0",
      "resolved": "https://registry.npmjs.org/@aws-cdk/aws-elasticloadbalancingv2/-/aws-elasticloadbalancingv2-1.45.0.tgz",
      "integrity": "sha512-jAh7baa0c+oYvXhZMnCsrgis7tKAOBTOJReiFnYyDjY2Ol5l6mxz4jDQKCoV7gnW79fX3kWGmGmIIu0pHr5XXA==",
      "requires": {
        "@aws-cdk/aws-certificatemanager": "1.45.0",
        "@aws-cdk/aws-cloudwatch": "1.45.0",
        "@aws-cdk/aws-ec2": "1.45.0",
        "@aws-cdk/aws-iam": "1.45.0",
        "@aws-cdk/aws-lambda": "1.45.0",
        "@aws-cdk/aws-s3": "1.45.0",
        "@aws-cdk/core": "1.45.0",
        "constructs": "^3.0.2"
      }
    },
    "@aws-cdk/aws-events": {
      "version": "1.45.0",
      "resolved": "https://registry.npmjs.org/@aws-cdk/aws-events/-/aws-events-1.45.0.tgz",
      "integrity": "sha512-OexoSgVmqQw23rd/ULZ0lGVqYm69Rx15vsV7UXBg3T5uPmonZKoIdfufqzUG1LU0YiuAIlpmJEgrvqkkllDcqw==",
      "requires": {
        "@aws-cdk/aws-iam": "1.45.0",
        "@aws-cdk/core": "1.45.0",
        "constructs": "^3.0.2"
      }
    },
    "@aws-cdk/aws-iam": {
      "version": "1.45.0",
      "resolved": "https://registry.npmjs.org/@aws-cdk/aws-iam/-/aws-iam-1.45.0.tgz",
      "integrity": "sha512-Ngdl2x9YxRQ2zRzWW+Y7Xu/iEVKeMc3MXYGKuWijw7VDBae6rp4r51pch9Gli+ONpCpZL1+Jw8lsPo5VNJuBLQ==",
      "requires": {
        "@aws-cdk/core": "1.45.0",
        "@aws-cdk/region-info": "1.45.0",
        "constructs": "^3.0.2"
      }
    },
    "@aws-cdk/aws-kms": {
      "version": "1.45.0",
      "resolved": "https://registry.npmjs.org/@aws-cdk/aws-kms/-/aws-kms-1.45.0.tgz",
      "integrity": "sha512-WPR0CkKtAU6szhWUTuu+LUmElDDbOqTbHNF+wgk1W6rq1wxHfyn3kW7AM4Dv/fF6VRRotryyDqsbANIqYnkTtA==",
      "requires": {
        "@aws-cdk/aws-iam": "1.45.0",
        "@aws-cdk/core": "1.45.0",
        "constructs": "^3.0.2"
      }
    },
    "@aws-cdk/aws-lambda": {
      "version": "1.45.0",
      "resolved": "https://registry.npmjs.org/@aws-cdk/aws-lambda/-/aws-lambda-1.45.0.tgz",
      "integrity": "sha512-rXqxc8rac3UhZbJ101KvKbZ2JWsjaOYewFXO876rTdckCgq4A2DpH4qFmgFj0Ev/aoi3821m8F9WdY5vEinh8Q==",
      "requires": {
        "@aws-cdk/aws-cloudwatch": "1.45.0",
        "@aws-cdk/aws-ec2": "1.45.0",
        "@aws-cdk/aws-events": "1.45.0",
        "@aws-cdk/aws-iam": "1.45.0",
        "@aws-cdk/aws-logs": "1.45.0",
        "@aws-cdk/aws-s3": "1.45.0",
        "@aws-cdk/aws-s3-assets": "1.45.0",
        "@aws-cdk/aws-sqs": "1.45.0",
        "@aws-cdk/core": "1.45.0",
        "@aws-cdk/cx-api": "1.45.0",
        "constructs": "^3.0.2"
      }
    },
    "@aws-cdk/aws-logs": {
      "version": "1.45.0",
      "resolved": "https://registry.npmjs.org/@aws-cdk/aws-logs/-/aws-logs-1.45.0.tgz",
      "integrity": "sha512-zktaysJXripb0sgbJXlRH9cdZdTCoRZbQU5raKMFKq+w+fr7Tpor0aslNKXVLEppoX6udbqLAevdSk63IkIFSw==",
      "requires": {
        "@aws-cdk/aws-cloudwatch": "1.45.0",
        "@aws-cdk/aws-iam": "1.45.0",
        "@aws-cdk/core": "1.45.0",
        "constructs": "^3.0.2"
      }
    },
    "@aws-cdk/aws-rds": {
      "version": "1.45.0",
      "resolved": "https://registry.npmjs.org/@aws-cdk/aws-rds/-/aws-rds-1.45.0.tgz",
      "integrity": "sha512-x05xnbyvc50auGyOIHdWAaB5NOANEz+sTmQPr/6EyHnCsD4ICmkt+qtUx5vtyRxJ9BIYsrmwBeqUeIxby6cv9Q==",
      "requires": {
        "@aws-cdk/aws-cloudwatch": "1.45.0",
        "@aws-cdk/aws-ec2": "1.45.0",
        "@aws-cdk/aws-events": "1.45.0",
        "@aws-cdk/aws-iam": "1.45.0",
        "@aws-cdk/aws-kms": "1.45.0",
        "@aws-cdk/aws-lambda": "1.45.0",
        "@aws-cdk/aws-logs": "1.45.0",
        "@aws-cdk/aws-s3": "1.45.0",
        "@aws-cdk/aws-secretsmanager": "1.45.0",
        "@aws-cdk/core": "1.45.0",
        "constructs": "^3.0.2"
      }
    },
    "@aws-cdk/aws-route53": {
      "version": "1.45.0",
      "resolved": "https://registry.npmjs.org/@aws-cdk/aws-route53/-/aws-route53-1.45.0.tgz",
      "integrity": "sha512-XUxg0LvPXz/a13aCkc8RBDmsOwYp2XZ+bPOKNDENoni0Sw+2DqPdk1FOqgf3diF/hJxtw+ck3h8tcIgcNoe7nw==",
      "requires": {
        "@aws-cdk/aws-ec2": "1.45.0",
        "@aws-cdk/aws-logs": "1.45.0",
        "@aws-cdk/cloud-assembly-schema": "1.45.0",
        "@aws-cdk/core": "1.45.0",
        "constructs": "^3.0.2"
      }
    },
    "@aws-cdk/aws-s3": {
      "version": "1.45.0",
      "resolved": "https://registry.npmjs.org/@aws-cdk/aws-s3/-/aws-s3-1.45.0.tgz",
      "integrity": "sha512-8FIt83/Jy08fG/ygtUVRYj0m3xrc6PUKndcLW4ysf+HL+tb7OX0AMPTx3jRKLJwS6VoWGXc0zcKMBrNWUSsglA==",
      "requires": {
        "@aws-cdk/aws-events": "1.45.0",
        "@aws-cdk/aws-iam": "1.45.0",
        "@aws-cdk/aws-kms": "1.45.0",
        "@aws-cdk/core": "1.45.0",
        "constructs": "^3.0.2"
      }
    },
    "@aws-cdk/aws-s3-assets": {
      "version": "1.45.0",
      "resolved": "https://registry.npmjs.org/@aws-cdk/aws-s3-assets/-/aws-s3-assets-1.45.0.tgz",
      "integrity": "sha512-ld3c7MSd0M1nofPLclRjm0oGtU136VFOuUK4KYQ75j7Nomg1Xjt9MKdqhJODhAC4Xmg4+8eiac1TC1w8aljTGg==",
      "requires": {
        "@aws-cdk/assets": "1.45.0",
        "@aws-cdk/aws-iam": "1.45.0",
        "@aws-cdk/aws-s3": "1.45.0",
        "@aws-cdk/core": "1.45.0",
        "@aws-cdk/cx-api": "1.45.0",
        "constructs": "^3.0.2"
      }
    },
    "@aws-cdk/aws-sam": {
      "version": "1.45.0",
      "resolved": "https://registry.npmjs.org/@aws-cdk/aws-sam/-/aws-sam-1.45.0.tgz",
      "integrity": "sha512-N+HCIJVzdEictUSCNltIC6vkEopkxdI3qmgykcusTUJaEEm1HWTvQvr6zm7UzqAvyTyxbYphVoOiwn4cVy0sTA==",
      "requires": {
        "@aws-cdk/core": "1.45.0",
        "constructs": "^3.0.2"
      }
    },
    "@aws-cdk/aws-secretsmanager": {
      "version": "1.45.0",
      "resolved": "https://registry.npmjs.org/@aws-cdk/aws-secretsmanager/-/aws-secretsmanager-1.45.0.tgz",
      "integrity": "sha512-OMv9imUAOXDAMBW5TuZSFgtOongxgWuTvCyqkfp4PAjSXNrvRI2xSiDgUvQ4smeudNFbVMnpZuk+9ng7Jgz96g==",
      "requires": {
        "@aws-cdk/aws-ec2": "1.45.0",
        "@aws-cdk/aws-iam": "1.45.0",
        "@aws-cdk/aws-kms": "1.45.0",
        "@aws-cdk/aws-lambda": "1.45.0",
        "@aws-cdk/aws-sam": "1.45.0",
        "@aws-cdk/core": "1.45.0",
        "constructs": "^3.0.2"
      }
    },
    "@aws-cdk/aws-sns": {
      "version": "1.45.0",
      "resolved": "https://registry.npmjs.org/@aws-cdk/aws-sns/-/aws-sns-1.45.0.tgz",
      "integrity": "sha512-OKsVGSdmTQtWWkXFCUEs080LnL63Ea8cqOOyTpTQEiYqxSDvlQUKPaNKwO8nz9xaI+CF64zlrjed8ud8Lg1sGw==",
      "requires": {
        "@aws-cdk/aws-cloudwatch": "1.45.0",
        "@aws-cdk/aws-events": "1.45.0",
        "@aws-cdk/aws-iam": "1.45.0",
        "@aws-cdk/aws-kms": "1.45.0",
        "@aws-cdk/aws-sqs": "1.45.0",
        "@aws-cdk/core": "1.45.0",
        "constructs": "^3.0.2"
      }
    },
    "@aws-cdk/aws-sqs": {
      "version": "1.45.0",
      "resolved": "https://registry.npmjs.org/@aws-cdk/aws-sqs/-/aws-sqs-1.45.0.tgz",
      "integrity": "sha512-klMLsG+aZzUibcmKTAmOgzKnEdIderrEsmvgLW15bnNrtBeCI5xbHQ/sISlPLL1wvp0YZ8kunDndP8JjQnQXBA==",
      "requires": {
        "@aws-cdk/aws-cloudwatch": "1.45.0",
        "@aws-cdk/aws-iam": "1.45.0",
        "@aws-cdk/aws-kms": "1.45.0",
        "@aws-cdk/core": "1.45.0",
        "constructs": "^3.0.2"
      }
    },
    "@aws-cdk/aws-ssm": {
      "version": "1.45.0",
      "resolved": "https://registry.npmjs.org/@aws-cdk/aws-ssm/-/aws-ssm-1.45.0.tgz",
      "integrity": "sha512-MqHvPATnpz8XpG/s0Q9SZQJP0Jji03ZeYvfqJO6PsuqTNLNJCMAWP5tJy2t/CxqxSFBI9JlAquj2+0Gyqwqgbg==",
      "requires": {
        "@aws-cdk/aws-iam": "1.45.0",
        "@aws-cdk/aws-kms": "1.45.0",
        "@aws-cdk/cloud-assembly-schema": "1.45.0",
        "@aws-cdk/core": "1.45.0",
        "constructs": "^3.0.2"
      }
    },
    "@aws-cdk/cdk-assets-schema": {
      "version": "1.45.0",
      "resolved": "https://registry.npmjs.org/@aws-cdk/cdk-assets-schema/-/cdk-assets-schema-1.45.0.tgz",
      "integrity": "sha512-HvS9IN0RTIwJvldOLj/0FsWSj1h3jqeT9sfNdAW0g7FeFSPu3QtdYeDcSGrOo/4fPXsRFV4bcMqoEEph3x9MgQ==",
      "requires": {
        "semver": "^7.2.2"
      },
      "dependencies": {
        "semver": {
          "version": "7.3.2",
          "bundled": true
        }
      }
    },
    "@aws-cdk/cloud-assembly-schema": {
      "version": "1.45.0",
      "resolved": "https://registry.npmjs.org/@aws-cdk/cloud-assembly-schema/-/cloud-assembly-schema-1.45.0.tgz",
      "integrity": "sha512-MoQ8580BJYDKzWHNPbn/WiB82A1JdZJXkZ/W0mwR6mi37DOJ6jbycyhGXA9aARw5iNIxqTEAXqGifrUI1ILG+w==",
      "requires": {
        "jsonschema": "^1.2.5",
        "semver": "^7.2.2"
      },
      "dependencies": {
        "jsonschema": {
          "version": "1.2.6",
          "bundled": true
        },
        "semver": {
          "version": "7.3.2",
          "bundled": true
        }
      }
    },
    "@aws-cdk/core": {
      "version": "1.45.0",
      "resolved": "https://registry.npmjs.org/@aws-cdk/core/-/core-1.45.0.tgz",
      "integrity": "sha512-XsUlW5OJi/gRfPbRQp/ps8uqUX6a8KIKXFHbl8sYVoiUWRYOwZq58ffO5EhGL841vZb21xRbgysSfURbWLSlUA==",
      "requires": {
        "@aws-cdk/cdk-assets-schema": "1.45.0",
        "@aws-cdk/cloud-assembly-schema": "1.45.0",
        "@aws-cdk/cx-api": "1.45.0",
        "constructs": "^3.0.2",
        "minimatch": "^3.0.4"
      },
      "dependencies": {
        "balanced-match": {
          "version": "1.0.0",
          "bundled": true
        },
        "brace-expansion": {
          "version": "1.1.11",
          "bundled": true,
          "requires": {
            "balanced-match": "^1.0.0",
            "concat-map": "0.0.1"
          }
        },
        "concat-map": {
          "version": "0.0.1",
          "bundled": true
        },
        "minimatch": {
          "version": "3.0.4",
          "bundled": true,
          "requires": {
            "brace-expansion": "^1.1.7"
          }
        }
      }
    },
    "@aws-cdk/custom-resources": {
      "version": "1.45.0",
      "resolved": "https://registry.npmjs.org/@aws-cdk/custom-resources/-/custom-resources-1.45.0.tgz",
      "integrity": "sha512-Du19BhdyOUqO6zF0Aw+wIGCVZhKzyH3i1Lq6Z7tqpw/DKo4wqH1od8EY3UG+/ebPxklX8wdbBRFbUVL/AHecHg==",
      "requires": {
        "@aws-cdk/aws-cloudformation": "1.45.0",
        "@aws-cdk/aws-iam": "1.45.0",
        "@aws-cdk/aws-lambda": "1.45.0",
        "@aws-cdk/aws-logs": "1.45.0",
        "@aws-cdk/aws-sns": "1.45.0",
        "@aws-cdk/core": "1.45.0",
        "constructs": "^3.0.2"
      }
    },
    "@aws-cdk/cx-api": {
      "version": "1.45.0",
      "resolved": "https://registry.npmjs.org/@aws-cdk/cx-api/-/cx-api-1.45.0.tgz",
      "integrity": "sha512-OQnG2tdnmX4D3LXDchNlzFjj7PhsLte6W/X0lOWhY3ysFZfMhOheB32oTRYLHyYBuRUTFGtOB1TmdT6N4MVQnA==",
      "requires": {
        "@aws-cdk/cloud-assembly-schema": "1.45.0",
        "semver": "^7.2.2"
      },
      "dependencies": {
        "semver": {
          "version": "7.3.2",
          "bundled": true
        }
      }
    },
    "@aws-cdk/region-info": {
      "version": "1.45.0",
      "resolved": "https://registry.npmjs.org/@aws-cdk/region-info/-/region-info-1.45.0.tgz",
      "integrity": "sha512-kCI8od1ELYL06cEcyD13XH1fc0E5+j8JSpJAjcLriFqk+Vk7VUSsfogo1diqnyrrcApbMRvJMKSvFSmWfzYVCg=="
    },
    "@jest/types": {
      "version": "25.5.0",
      "resolved": "https://registry.npmjs.org/@jest/types/-/types-25.5.0.tgz",
      "integrity": "sha512-OXD0RgQ86Tu3MazKo8bnrkDRaDXXMGUqd+kTtLtK1Zb7CRzQcaSRPPPV37SvYTdevXEBVxe0HXylEjs8ibkmCw==",
      "dev": true,
      "requires": {
        "@types/istanbul-lib-coverage": "^2.0.0",
        "@types/istanbul-reports": "^1.1.1",
        "@types/yargs": "^15.0.0",
        "chalk": "^3.0.0"
      }
    },
    "@ssh.com/c3": {
      "version": "0.6.1",
      "resolved": "https://registry.npmjs.org/@ssh.com/c3/-/c3-0.6.1.tgz",
      "integrity": "sha512-vpVp9cWRlth2d9r4urD++PYdLE+NDj4YGoxu+EjRyaOz/XBzE7Pxyk5DC5MEBQZbxh/Gsxb6ffMcLZH9mFaS+w==",
      "requires": {
        "@aws-cdk/aws-autoscaling": "*",
        "@aws-cdk/aws-cloudformation": "*",
        "@aws-cdk/aws-codebuild": "*",
        "@aws-cdk/aws-ec2": "*",
        "@aws-cdk/aws-efs": "*",
        "@aws-cdk/aws-iam": "*",
        "@aws-cdk/aws-kms": "*",
        "@aws-cdk/aws-lambda": "*",
        "@aws-cdk/aws-logs": "*",
        "@aws-cdk/aws-rds": "*",
        "@aws-cdk/aws-s3": "*",
        "@aws-cdk/aws-secretsmanager": "*",
        "@aws-cdk/core": "*",
        "@types/node": "13.13.5"
      }
    },
    "@types/color-name": {
      "version": "1.1.1",
      "resolved": "https://registry.npmjs.org/@types/color-name/-/color-name-1.1.1.tgz",
      "integrity": "sha512-rr+OQyAjxze7GgWrSaJwydHStIhHq2lvY3BOC2Mj7KnzI7XK0Uw1TOOdI9lDoajEbSWLiYgoo4f1R51erQfhPQ==",
      "dev": true
    },
    "@types/istanbul-lib-coverage": {
      "version": "2.0.3",
      "resolved": "https://registry.npmjs.org/@types/istanbul-lib-coverage/-/istanbul-lib-coverage-2.0.3.tgz",
      "integrity": "sha512-sz7iLqvVUg1gIedBOvlkxPlc8/uVzyS5OwGz1cKjXzkl3FpL3al0crU8YGU1WoHkxn0Wxbw5tyi6hvzJKNzFsw==",
      "dev": true
    },
    "@types/istanbul-lib-report": {
      "version": "3.0.0",
      "resolved": "https://registry.npmjs.org/@types/istanbul-lib-report/-/istanbul-lib-report-3.0.0.tgz",
      "integrity": "sha512-plGgXAPfVKFoYfa9NpYDAkseG+g6Jr294RqeqcqDixSbU34MZVJRi/P+7Y8GDpzkEwLaGZZOpKIEmeVZNtKsrg==",
      "dev": true,
      "requires": {
        "@types/istanbul-lib-coverage": "*"
      }
    },
    "@types/istanbul-reports": {
      "version": "1.1.2",
      "resolved": "https://registry.npmjs.org/@types/istanbul-reports/-/istanbul-reports-1.1.2.tgz",
      "integrity": "sha512-P/W9yOX/3oPZSpaYOCQzGqgCQRXn0FFO/V8bWrCQs+wLmvVVxk6CRBXALEvNs9OHIatlnlFokfhuDo2ug01ciw==",
      "dev": true,
      "requires": {
        "@types/istanbul-lib-coverage": "*",
        "@types/istanbul-lib-report": "*"
      }
    },
    "@types/jest": {
      "version": "25.2.3",
      "resolved": "https://registry.npmjs.org/@types/jest/-/jest-25.2.3.tgz",
      "integrity": "sha512-JXc1nK/tXHiDhV55dvfzqtmP4S3sy3T3ouV2tkViZgxY/zeUkcpQcQPGRlgF4KmWzWW5oiWYSZwtCB+2RsE4Fw==",
      "dev": true,
      "requires": {
        "jest-diff": "^25.2.1",
        "pretty-format": "^25.2.1"
      }
    },
    "@types/node": {
      "version": "13.13.5",
      "resolved": "https://registry.npmjs.org/@types/node/-/node-13.13.5.tgz",
      "integrity": "sha512-3ySmiBYJPqgjiHA7oEaIo2Rzz0HrOZ7yrNO5HWyaE5q0lQ3BppDZ3N53Miz8bw2I7gh1/zir2MGVZBvpb1zq9g=="
    },
    "@types/yargs": {
      "version": "15.0.5",
      "resolved": "https://registry.npmjs.org/@types/yargs/-/yargs-15.0.5.tgz",
      "integrity": "sha512-Dk/IDOPtOgubt/IaevIUbTgV7doaKkoorvOyYM2CMwuDyP89bekI7H4xLIwunNYiK9jhCkmc6pUrJk3cj2AB9w==",
      "dev": true,
      "requires": {
        "@types/yargs-parser": "*"
      }
    },
    "@types/yargs-parser": {
      "version": "15.0.0",
      "resolved": "https://registry.npmjs.org/@types/yargs-parser/-/yargs-parser-15.0.0.tgz",
      "integrity": "sha512-FA/BWv8t8ZWJ+gEOnLLd8ygxH/2UFbAvgEonyfN6yWGLKc7zVjbpl2Y4CTjid9h2RfgPP6SEt6uHwEOply00yw==",
      "dev": true
    },
    "ansi-regex": {
      "version": "5.0.0",
      "resolved": "https://registry.npmjs.org/ansi-regex/-/ansi-regex-5.0.0.tgz",
      "integrity": "sha512-bY6fj56OUQ0hU1KjFNDQuJFezqKdrAyFdIevADiqrWHwSlbmBNMHp5ak2f40Pm8JTFyM2mqxkG6ngkHO11f/lg==",
      "dev": true
    },
    "ansi-styles": {
      "version": "4.2.1",
      "resolved": "https://registry.npmjs.org/ansi-styles/-/ansi-styles-4.2.1.tgz",
      "integrity": "sha512-9VGjrMsG1vePxcSweQsN20KY/c4zN0h9fLjqAbwbPfahM3t+NL+M9HC8xeXG2I8pX5NoamTGNuomEUFI7fcUjA==",
      "dev": true,
      "requires": {
        "@types/color-name": "^1.1.1",
        "color-convert": "^2.0.1"
      }
    },
    "arg": {
      "version": "4.1.3",
      "resolved": "https://registry.npmjs.org/arg/-/arg-4.1.3.tgz",
      "integrity": "sha512-58S9QDqG0Xx27YwPSt9fJxivjYl432YCwfDMfZ+71RAqUrZef7LrKQZ3LHLOwCS4FLNBplP533Zx895SeOCHvA==",
      "dev": true
    },
    "buffer-from": {
      "version": "1.1.1",
      "resolved": "https://registry.npmjs.org/buffer-from/-/buffer-from-1.1.1.tgz",
      "integrity": "sha512-MQcXEUbCKtEo7bhqEs6560Hyd4XaovZlO/k9V3hjVUF/zwW7KBVdSK4gIt/bzwS9MbR5qob+F5jusZsb0YQK2A==",
      "dev": true
    },
    "chalk": {
      "version": "3.0.0",
      "resolved": "https://registry.npmjs.org/chalk/-/chalk-3.0.0.tgz",
      "integrity": "sha512-4D3B6Wf41KOYRFdszmDqMCGq5VV/uMAB273JILmO+3jAlh8X4qDtdtgCR3fxtbLEMzSx22QdhnDcJvu2u1fVwg==",
      "dev": true,
      "requires": {
        "ansi-styles": "^4.1.0",
        "supports-color": "^7.1.0"
      }
    },
    "color-convert": {
      "version": "2.0.1",
      "resolved": "https://registry.npmjs.org/color-convert/-/color-convert-2.0.1.tgz",
      "integrity": "sha512-RRECPsj7iu/xb5oKYcsFHSppFNnsj/52OVTRKb4zP5onXwVF3zVmmToNcOfGC+CRDpfK/U584fMg38ZHCaElKQ==",
      "dev": true,
      "requires": {
        "color-name": "~1.1.4"
      }
    },
    "color-name": {
      "version": "1.1.4",
      "resolved": "https://registry.npmjs.org/color-name/-/color-name-1.1.4.tgz",
      "integrity": "sha512-dOy+3AuW3a2wNbZHIuMZpTcgjGuLU/uBL/ubcZF9OXbDo8ff4O8yVp5Bf0efS8uEoYo5q4Fx7dY9OgQGXgAsQA==",
      "dev": true
    },
    "constructs": {
      "version": "3.0.3",
      "resolved": "https://registry.npmjs.org/constructs/-/constructs-3.0.3.tgz",
      "integrity": "sha512-JrYLpTlz92Un1jxkwoGiOiGoDjzIWtxo64sLC5FD4mQN1H9mAqZNvgxWYWaJIiWUXNkl5L5sO3GFf6peTj7UMQ=="
    },
    "diff": {
      "version": "4.0.2",
      "resolved": "https://registry.npmjs.org/diff/-/diff-4.0.2.tgz",
      "integrity": "sha512-58lmxKSA4BNyLz+HHMUzlOEpg09FV+ev6ZMe3vJihgdxzgcwZ8VoEEPmALCZG9LmqfVoNMMKpttIYTVG6uDY7A==",
      "dev": true
    },
    "diff-sequences": {
      "version": "25.2.6",
      "resolved": "https://registry.npmjs.org/diff-sequences/-/diff-sequences-25.2.6.tgz",
      "integrity": "sha512-Hq8o7+6GaZeoFjtpgvRBUknSXNeJiCx7V9Fr94ZMljNiCr9n9L8H8aJqgWOQiDDGdyn29fRNcDdRVJ5fdyihfg==",
      "dev": true
    },
    "has-flag": {
      "version": "4.0.0",
      "resolved": "https://registry.npmjs.org/has-flag/-/has-flag-4.0.0.tgz",
      "integrity": "sha512-EykJT/Q1KjTWctppgIAgfSO0tKVuZUjhgMr17kqTumMl6Afv3EISleU7qZUzoXDFTAHTDC4NOoG/ZxU3EvlMPQ==",
      "dev": true
    },
    "jest-diff": {
      "version": "25.5.0",
      "resolved": "https://registry.npmjs.org/jest-diff/-/jest-diff-25.5.0.tgz",
      "integrity": "sha512-z1kygetuPiREYdNIumRpAHY6RXiGmp70YHptjdaxTWGmA085W3iCnXNx0DhflK3vwrKmrRWyY1wUpkPMVxMK7A==",
      "dev": true,
      "requires": {
        "chalk": "^3.0.0",
        "diff-sequences": "^25.2.6",
        "jest-get-type": "^25.2.6",
        "pretty-format": "^25.5.0"
      }
    },
    "jest-get-type": {
      "version": "25.2.6",
      "resolved": "https://registry.npmjs.org/jest-get-type/-/jest-get-type-25.2.6.tgz",
      "integrity": "sha512-DxjtyzOHjObRM+sM1knti6or+eOgcGU4xVSb2HNP1TqO4ahsT+rqZg+nyqHWJSvWgKC5cG3QjGFBqxLghiF/Ig==",
      "dev": true
    },
    "make-error": {
      "version": "1.3.6",
      "resolved": "https://registry.npmjs.org/make-error/-/make-error-1.3.6.tgz",
      "integrity": "sha512-s8UhlNe7vPKomQhC1qFelMokr/Sc3AgNbso3n74mVPA5LTZwkB9NlXf4XPamLxJE8h0gh73rM94xvwRT2CVInw==",
      "dev": true
    },
    "pretty-format": {
      "version": "25.5.0",
      "resolved": "https://registry.npmjs.org/pretty-format/-/pretty-format-25.5.0.tgz",
      "integrity": "sha512-kbo/kq2LQ/A/is0PQwsEHM7Ca6//bGPPvU6UnsdDRSKTWxT/ru/xb88v4BJf6a69H+uTytOEsTusT9ksd/1iWQ==",
      "dev": true,
      "requires": {
        "@jest/types": "^25.5.0",
        "ansi-regex": "^5.0.0",
        "ansi-styles": "^4.0.0",
        "react-is": "^16.12.0"
      }
    },
    "react-is": {
      "version": "16.13.1",
      "resolved": "https://registry.npmjs.org/react-is/-/react-is-16.13.1.tgz",
      "integrity": "sha512-24e6ynE2H+OKt4kqsOvNd8kBpV65zoxbA4BVsEOB3ARVWQki/DHzaUoC5KuON/BiccDaCCTZBuOcfZs70kR8bQ==",
      "dev": true
    },
    "source-map": {
      "version": "0.6.1",
      "resolved": "https://registry.npmjs.org/source-map/-/source-map-0.6.1.tgz",
      "integrity": "sha512-UjgapumWlbMhkBgzT7Ykc5YXUT46F0iKu8SGXq0bcwP5dz/h0Plj6enJqjz1Zbq2l5WaqYnrVbwWOWMyF3F47g==",
      "dev": true
    },
    "source-map-support": {
      "version": "0.5.19",
      "resolved": "https://registry.npmjs.org/source-map-support/-/source-map-support-0.5.19.tgz",
      "integrity": "sha512-Wonm7zOCIJzBGQdB+thsPar0kYuCIzYvxZwlBa87yi/Mdjv7Tip2cyVbLj5o0cFPN4EVkuTwb3GDDyUx2DGnGw==",
      "dev": true,
      "requires": {
        "buffer-from": "^1.0.0",
        "source-map": "^0.6.0"
      }
    },
    "supports-color": {
      "version": "7.1.0",
      "resolved": "https://registry.npmjs.org/supports-color/-/supports-color-7.1.0.tgz",
      "integrity": "sha512-oRSIpR8pxT1Wr2FquTNnGet79b3BWljqOuoW/h4oBhxJ/HUbX5nX6JSruTkvXDCFMwDPvsaTTbvMLKZWSy0R5g==",
      "dev": true,
      "requires": {
        "has-flag": "^4.0.0"
      }
    },
    "ts-node": {
      "version": "8.10.2",
      "resolved": "https://registry.npmjs.org/ts-node/-/ts-node-8.10.2.tgz",
      "integrity": "sha512-ISJJGgkIpDdBhWVu3jufsWpK3Rzo7bdiIXJjQc0ynKxVOVcg2oIrf2H2cejminGrptVc6q6/uynAHNCuWGbpVA==",
      "dev": true,
      "requires": {
        "arg": "^4.1.0",
        "diff": "^4.0.1",
        "make-error": "^1.1.1",
        "source-map-support": "^0.5.17",
        "yn": "3.1.1"
      }
    },
    "typescript": {
      "version": "3.9.5",
      "resolved": "https://registry.npmjs.org/typescript/-/typescript-3.9.5.tgz",
      "integrity": "sha512-hSAifV3k+i6lEoCJ2k6R2Z/rp/H3+8sdmcn5NrS3/3kE7+RyZXm9aqvxWqjEXHAd8b0pShatpcdMTvEdvAJltQ==",
      "dev": true
    },
    "yn": {
      "version": "3.1.1",
      "resolved": "https://registry.npmjs.org/yn/-/yn-3.1.1.tgz",
      "integrity": "sha512-Ux4ygGWsu2c7isFWe8Yu1YluJmqVhxqK2cLXNQA5AcC3QfbGNpM7fu0Y8b/z16pXLnFxZYvWhd3fhBY9DLmC6Q==",
      "dev": true
    }
  }
}
